<Solution>
  <Project Path="../src/Autobahn/Autobahn.csproj" />
  <Project Path="HelloWorld/HelloWorld.csproj" />
  <Project Path="LoadModel/LoadModel.csproj" />
  <Project Path="Metrics/Metrics.csproj" />
  <Project Path="Thresholds/Thresholds.csproj" />
  <Project Path="CliScenarios/CliScenarios.csproj" />
  <Project Path="HttpApi/HttpApi.csproj" />
  <Project Path="../src/Autobahn.Http/Autobahn.Http.csproj" />
  <Project Path="../src/Autobahn.OpenTelemetry/Autobahn.OpenTelemetry.csproj" />
</Solution>
